
Microsoft Visual Studio Solution File, Format Version 12.00
# Visual Studio Version 16
VisualStudioVersion = 16.0.30225.117
MinimumVisualStudioVersion = 10.0.40219.1
Project("{FAE04EC0-301F-11D3-BF4B-00C04F79EFBC}") = "PolicyBasedSecurity", "PolicyBasedSecurity\PolicyBasedSecurity.csproj", "{074BA927-EB61-42E4-982F-C8C89FB47502}"
EndProject
Project("{FAE04EC0-301F-11D3-BF4B-00C04F79EFBC}") = "Data", "Data\Data.csproj", "{F1738B38-6FD7-4D05-B7CE-CED2ADFC7B0B}"
EndProject
Project("{FAE04EC0-301F-11D3-BF4B-00C04F79EFBC}") = "Business", "Business\Business.csproj", "{789D84F1-C9E5-425B-8932-7743802EFE24}"
EndProject
Global
	GlobalSection(SolutionConfigurationPlatforms) = preSolution
		Debug|Any CPU = Debug|Any CPU
		Release|Any CPU = Release|Any CPU
	EndGlobalSection
	GlobalSection(ProjectConfigurationPlatforms) = postSolution
		{074BA927-EB61-42E4-982F-C8C89FB47502}.Debug|Any CPU.ActiveCfg = Debug|Any CPU
		{074BA927-EB61-42E4-982F-C8C89FB47502}.Debug|Any CPU.Build.0 = Debug|Any CPU
		{074BA927-EB61-42E4-982F-C8C89FB47502}.Release|Any CPU.ActiveCfg = Release|Any CPU
		{074BA927-EB61-42E4-982F-C8C89FB47502}.Release|Any CPU.Build.0 = Release|Any CPU
		{F1738B38-6FD7-4D05-B7CE-CED2ADFC7B0B}.Debug|Any CPU.ActiveCfg = Debug|Any CPU
		{F1738B38-6FD7-4D05-B7CE-CED2ADFC7B0B}.Debug|Any CPU.Build.0 = Debug|Any CPU
		{F1738B38-6FD7-4D05-B7CE-CED2ADFC7B0B}.Release|Any CPU.ActiveCfg = Release|Any CPU
		{F1738B38-6FD7-4D05-B7CE-CED2ADFC7B0B}.Release|Any CPU.Build.0 = Release|Any CPU
		{789D84F1-C9E5-425B-8932-7743802EFE24}.Debug|Any CPU.ActiveCfg = Debug|Any CPU
		{789D84F1-C9E5-425B-8932-7743802EFE24}.Debug|Any CPU.Build.0 = Debug|Any CPU
		{789D84F1-C9E5-425B-8932-7743802EFE24}.Release|Any CPU.ActiveCfg = Release|Any CPU
		{789D84F1-C9E5-425B-8932-7743802EFE24}.Release|Any CPU.Build.0 = Release|Any CPU
	EndGlobalSection
	GlobalSection(SolutionProperties) = preSolution
		HideSolutionNode = FALSE
	EndGlobalSection
	GlobalSection(ExtensibilityGlobals) = postSolution
		SolutionGuid = {12641FA2-A951-41DC-BE0D-29CED42C826B}
	EndGlobalSection
EndGlobal
